{
  "name": "rword",
  "version": "2.2.0",
  "lockfileVersion": 1,
  "requires": true,
  "dependencies": {
    "crypto-random": {
      "version": "1.0.3",
      "resolved": "https://registry.npmjs.org/crypto-random/-/crypto-random-1.0.3.tgz",
      "integrity": "sha1-wEF50c1kOfW1GhmZcnnyTdtIwgg="
    }
  }
}
